
Microsoft Visual Studio Solution File, Format Version 11.00
# Visual Studio 2010
Project("{E24C65DC-7377-472B-9ABA-BC803B73C61A}") = "SitioWebConsulta", "SitioWebConsulta\", "{68802748-A7E3-4E8B-A8EE-03D4CE62F283}"
	ProjectSection(WebsiteProperties) = preProject
		TargetFrameworkMoniker = ".NETFramework,Version%3Dv4.0"
		Debug.AspNetCompiler.VirtualPath = "/SitioWebConsulta"
		Debug.AspNetCompiler.PhysicalPath = "SitioWebConsulta\"
		Debug.AspNetCompiler.TargetPath = "PrecompiledWeb\SitioWebConsulta\"
		Debug.AspNetCompiler.Updateable = "true"
		Debug.AspNetCompiler.ForceOverwrite = "true"
		Debug.AspNetCompiler.FixedNames = "false"
		Debug.AspNetCompiler.Debug = "True"
		Release.AspNetCompiler.VirtualPath = "/SitioWebConsulta"
		Release.AspNetCompiler.PhysicalPath = "SitioWebConsulta\"
		Release.AspNetCompiler.TargetPath = "PrecompiledWeb\SitioWebConsulta\"
		Release.AspNetCompiler.Updateable = "true"
		Release.AspNetCompiler.ForceOverwrite = "true"
		Release.AspNetCompiler.FixedNames = "false"
		Release.AspNetCompiler.Debug = "False"
		VWDPort = "3174"
		VWDDynamicPort = "true"
		VWDVirtualPath = "/SitioWebConsulta/"
		StartServerOnDebug = "true"
	EndProjectSection
EndProject
Global
	GlobalSection(SolutionConfigurationPlatforms) = preSolution
		Debug|Any CPU = Debug|Any CPU
	EndGlobalSection
	GlobalSection(ProjectConfigurationPlatforms) = postSolution
		{68802748-A7E3-4E8B-A8EE-03D4CE62F283}.Debug|Any CPU.ActiveCfg = Debug|Any CPU
		{68802748-A7E3-4E8B-A8EE-03D4CE62F283}.Debug|Any CPU.Build.0 = Debug|Any CPU
	EndGlobalSection
	GlobalSection(SolutionProperties) = preSolution
		HideSolutionNode = FALSE
	EndGlobalSection
EndGlobal
